
Microsoft Visual Studio Solution File, Format Version 12.00
# Visual Studio Version 17
VisualStudioVersion = 17.2.32516.85
MinimumVisualStudioVersion = 10.0.40219.1
Project("{FAE04EC0-301F-11D3-BF4B-00C04F79EFBC}") = "HS1", "HS1\HS1.csproj", "{D4E2F63D-89C4-4F2C-95BD-39B9C3EB5B43}"
EndProject
Global
	GlobalSection(SolutionConfigurationPlatforms) = preSolution
		Debug|Any CPU = Debug|Any CPU
		Release|Any CPU = Release|Any CPU
	EndGlobalSection
	GlobalSection(ProjectConfigurationPlatforms) = postSolution
		{D4E2F63D-89C4-4F2C-95BD-39B9C3EB5B43}.Debug|Any CPU.ActiveCfg = Debug|Any CPU
		{D4E2F63D-89C4-4F2C-95BD-39B9C3EB5B43}.Debug|Any CPU.Build.0 = Debug|Any CPU
		{D4E2F63D-89C4-4F2C-95BD-39B9C3EB5B43}.Release|Any CPU.ActiveCfg = Release|Any CPU
		{D4E2F63D-89C4-4F2C-95BD-39B9C3EB5B43}.Release|Any CPU.Build.0 = Release|Any CPU
	EndGlobalSection
	GlobalSection(SolutionProperties) = preSolution
		HideSolutionNode = FALSE
	EndGlobalSection
	GlobalSection(ExtensibilityGlobals) = postSolution
		SolutionGuid = {B16A4D5B-FECA-4834-9261-81B70F42D465}
	EndGlobalSection
EndGlobal
